
Microsoft Visual Studio Solution File, Format Version 12.00
# Visual Studio 2012
Project("{FAE04EC0-301F-11D3-BF4B-00C04F79EFBC}") = "AdobeConnectTool", "AdobeConnectTool\AdobeConnectTool.csproj", "{CE88D7C4-DFF4-43A4-89BD-15CD3361140C}"
EndProject
Global
	GlobalSection(SolutionConfigurationPlatforms) = preSolution
		Debug|Any CPU = Debug|Any CPU
		Release|Any CPU = Release|Any CPU
	EndGlobalSection
	GlobalSection(ProjectConfigurationPlatforms) = postSolution
		{CE88D7C4-DFF4-43A4-89BD-15CD3361140C}.Debug|Any CPU.ActiveCfg = Debug|Any CPU
		{CE88D7C4-DFF4-43A4-89BD-15CD3361140C}.Debug|Any CPU.Build.0 = Debug|Any CPU
		{CE88D7C4-DFF4-43A4-89BD-15CD3361140C}.Release|Any CPU.ActiveCfg = Release|Any CPU
		{CE88D7C4-DFF4-43A4-89BD-15CD3361140C}.Release|Any CPU.Build.0 = Release|Any CPU
	EndGlobalSection
	GlobalSection(SolutionProperties) = preSolution
		HideSolutionNode = FALSE
	EndGlobalSection
EndGlobal
